
Microsoft Visual Studio Solution File, Format Version 12.00
# Visual Studio Version 17
VisualStudioVersion = 17.11.35327.3
MinimumVisualStudioVersion = 10.0.40219.1
Project("{FAE04EC0-301F-11D3-BF4B-00C04F79EFBC}") = "EjercicioCapas", "EjercicioCapas\EjercicioCapas.csproj", "{EEF557B5-DF06-449D-838E-BE6B246D49C7}"
EndProject
Global
	GlobalSection(SolutionConfigurationPlatforms) = preSolution
		Debug|Any CPU = Debug|Any CPU
		Release|Any CPU = Release|Any CPU
	EndGlobalSection
	GlobalSection(ProjectConfigurationPlatforms) = postSolution
		{EEF557B5-DF06-449D-838E-BE6B246D49C7}.Debug|Any CPU.ActiveCfg = Debug|Any CPU
		{EEF557B5-DF06-449D-838E-BE6B246D49C7}.Debug|Any CPU.Build.0 = Debug|Any CPU
		{EEF557B5-DF06-449D-838E-BE6B246D49C7}.Release|Any CPU.ActiveCfg = Release|Any CPU
		{EEF557B5-DF06-449D-838E-BE6B246D49C7}.Release|Any CPU.Build.0 = Release|Any CPU
	EndGlobalSection
	GlobalSection(SolutionProperties) = preSolution
		HideSolutionNode = FALSE
	EndGlobalSection
	GlobalSection(ExtensibilityGlobals) = postSolution
		SolutionGuid = {5649F164-33FD-4E49-8594-865A8FE43778}
	EndGlobalSection
EndGlobal
